
Microsoft Visual Studio Solution File, Format Version 12.00
# Visual Studio Version 17
VisualStudioVersion = 17.10.35122.118
MinimumVisualStudioVersion = 10.0.40219.1
Project("{FAE04EC0-301F-11D3-BF4B-00C04F79EFBC}") = "Color_Box", "Color_Box.csproj", "{62B77E3C-58A7-4143-AFEA-686BDE9C66AA}"
EndProject
Global
	GlobalSection(SolutionConfigurationPlatforms) = preSolution
		Debug|Any CPU = Debug|Any CPU
		Release|Any CPU = Release|Any CPU
	EndGlobalSection
	GlobalSection(ProjectConfigurationPlatforms) = postSolution
		{62B77E3C-58A7-4143-AFEA-686BDE9C66AA}.Debug|Any CPU.ActiveCfg = Debug|Any CPU
		{62B77E3C-58A7-4143-AFEA-686BDE9C66AA}.Debug|Any CPU.Build.0 = Debug|Any CPU
		{62B77E3C-58A7-4143-AFEA-686BDE9C66AA}.Release|Any CPU.ActiveCfg = Release|Any CPU
		{62B77E3C-58A7-4143-AFEA-686BDE9C66AA}.Release|Any CPU.Build.0 = Release|Any CPU
	EndGlobalSection
	GlobalSection(SolutionProperties) = preSolution
		HideSolutionNode = FALSE
	EndGlobalSection
	GlobalSection(ExtensibilityGlobals) = postSolution
		SolutionGuid = {05FAE846-DA47-458C-B076-4FF25B50CDF8}
	EndGlobalSection
EndGlobal
